{
  "requires": true,
  "lockfileVersion": 1,
  "dependencies": {
    "@vkontakte/vk-connect": {
      "version": "1.6.11",
      "resolved": "https://registry.npmjs.org/@vkontakte/vk-connect/-/vk-connect-1.6.11.tgz",
      "integrity": "sha512-fqalzw0X3JEyAgXN5SDF4kaiwkZngLEtZT07jyFUKvNYuxNdy9cZzzXDD5yo2/6cW7/TAGdQNUDNcMtHHnGAuw=="
    }
  }
}
